
Microsoft Visual Studio Solution File, Format Version 12.00
# Visual Studio Version 16
VisualStudioVersion = 16.0.29709.97
MinimumVisualStudioVersion = 10.0.40219.1
Project("{FAE04EC0-301F-11D3-BF4B-00C04F79EFBC}") = "Labb3AndersOrlinder", "Labb3AndersOrlinder\Labb3AndersOrlinder.csproj", "{28EF8BFE-CA2A-4792-B5C6-C3D7E5B550B0}"
EndProject
Global
	GlobalSection(SolutionConfigurationPlatforms) = preSolution
		Debug|Any CPU = Debug|Any CPU
		Release|Any CPU = Release|Any CPU
	EndGlobalSection
	GlobalSection(ProjectConfigurationPlatforms) = postSolution
		{28EF8BFE-CA2A-4792-B5C6-C3D7E5B550B0}.Debug|Any CPU.ActiveCfg = Debug|Any CPU
		{28EF8BFE-CA2A-4792-B5C6-C3D7E5B550B0}.Debug|Any CPU.Build.0 = Debug|Any CPU
		{28EF8BFE-CA2A-4792-B5C6-C3D7E5B550B0}.Release|Any CPU.ActiveCfg = Release|Any CPU
		{28EF8BFE-CA2A-4792-B5C6-C3D7E5B550B0}.Release|Any CPU.Build.0 = Release|Any CPU
	EndGlobalSection
	GlobalSection(SolutionProperties) = preSolution
		HideSolutionNode = FALSE
	EndGlobalSection
	GlobalSection(ExtensibilityGlobals) = postSolution
		SolutionGuid = {22D5BCAD-9DD0-4093-8EE5-14633E5E9FFA}
	EndGlobalSection
EndGlobal
